
Microsoft Visual Studio Solution File, Format Version 12.00
# Visual Studio Version 17
VisualStudioVersion = 17.14.37531.7 d17.14
MinimumVisualStudioVersion = 10.0.40219.1
Project("{FAE04EC0-301F-11D3-BF4B-00C04F79EFBC}") = "WebWomen", "WebWomen.csproj", "{D18CF7C0-7F48-6C70-CE40-D83481AFC70D}"
EndProject
Global
	GlobalSection(SolutionConfigurationPlatforms) = preSolution
		Debug|Any CPU = Debug|Any CPU
		Release|Any CPU = Release|Any CPU
	EndGlobalSection
	GlobalSection(ProjectConfigurationPlatforms) = postSolution
		{D18CF7C0-7F48-6C70-CE40-D83481AFC70D}.Debug|Any CPU.ActiveCfg = Debug|Any CPU
		{D18CF7C0-7F48-6C70-CE40-D83481AFC70D}.Debug|Any CPU.Build.0 = Debug|Any CPU
		{D18CF7C0-7F48-6C70-CE40-D83481AFC70D}.Release|Any CPU.ActiveCfg = Release|Any CPU
		{D18CF7C0-7F48-6C70-CE40-D83481AFC70D}.Release|Any CPU.Build.0 = Release|Any CPU
	EndGlobalSection
	GlobalSection(SolutionProperties) = preSolution
		HideSolutionNode = FALSE
	EndGlobalSection
	GlobalSection(ExtensibilityGlobals) = postSolution
		SolutionGuid = {3383BE40-7A27-48D2-B1C9-842DD19C3DA4}
	EndGlobalSection
EndGlobal
